
Microsoft Visual Studio Solution File, Format Version 12.00
# Visual Studio Version 17
VisualStudioVersion = 17.11.35312.102
MinimumVisualStudioVersion = 10.0.40219.1
Project("{FAE04EC0-301F-11D3-BF4B-00C04F79EFBC}") = "EW_NOR_2023", "EW_NOR_2023.csproj", "{8CBA9C58-F2F9-4DE8-8F3E-F1D5CE4550B3}"
EndProject
Global
	GlobalSection(SolutionConfigurationPlatforms) = preSolution
		Debug|Any CPU = Debug|Any CPU
		Release|Any CPU = Release|Any CPU
	EndGlobalSection
	GlobalSection(ProjectConfigurationPlatforms) = postSolution
		{8CBA9C58-F2F9-4DE8-8F3E-F1D5CE4550B3}.Debug|Any CPU.ActiveCfg = Debug|Any CPU
		{8CBA9C58-F2F9-4DE8-8F3E-F1D5CE4550B3}.Debug|Any CPU.Build.0 = Debug|Any CPU
		{8CBA9C58-F2F9-4DE8-8F3E-F1D5CE4550B3}.Release|Any CPU.ActiveCfg = Release|Any CPU
		{8CBA9C58-F2F9-4DE8-8F3E-F1D5CE4550B3}.Release|Any CPU.Build.0 = Release|Any CPU
	EndGlobalSection
	GlobalSection(SolutionProperties) = preSolution
		HideSolutionNode = FALSE
	EndGlobalSection
	GlobalSection(ExtensibilityGlobals) = postSolution
		SolutionGuid = {97D60FFD-E9EC-4F91-96BF-3A4108F585AF}
	EndGlobalSection
EndGlobal
